
Microsoft Visual Studio Solution File, Format Version 12.00
# Visual Studio Version 16
VisualStudioVersion = 16.0.29409.12
MinimumVisualStudioVersion = 10.0.40219.1
Project("{FAE04EC0-301F-11D3-BF4B-00C04F79EFBC}") = "WindowsFormsApp1", "WindowsFormsApp1\WindowsFormsApp1.csproj", "{7040BA74-30C2-4ACD-854B-4D5DAB72E624}"
EndProject
Global
	GlobalSection(SolutionConfigurationPlatforms) = preSolution
		Debug|Any CPU = Debug|Any CPU
		Release|Any CPU = Release|Any CPU
	EndGlobalSection
	GlobalSection(ProjectConfigurationPlatforms) = postSolution
		{7040BA74-30C2-4ACD-854B-4D5DAB72E624}.Debug|Any CPU.ActiveCfg = Debug|Any CPU
		{7040BA74-30C2-4ACD-854B-4D5DAB72E624}.Debug|Any CPU.Build.0 = Debug|Any CPU
		{7040BA74-30C2-4ACD-854B-4D5DAB72E624}.Release|Any CPU.ActiveCfg = Release|Any CPU
		{7040BA74-30C2-4ACD-854B-4D5DAB72E624}.Release|Any CPU.Build.0 = Release|Any CPU
	EndGlobalSection
	GlobalSection(SolutionProperties) = preSolution
		HideSolutionNode = FALSE
	EndGlobalSection
	GlobalSection(ExtensibilityGlobals) = postSolution
		SolutionGuid = {5D868108-4727-4FC1-94F1-0F06A71BBA5B}
	EndGlobalSection
EndGlobal
